
Microsoft Visual Studio Solution File, Format Version 12.00
# Visual Studio Version 16
VisualStudioVersion = 16.0.29609.76
MinimumVisualStudioVersion = 10.0.40219.1
Project("{FAE04EC0-301F-11D3-BF4B-00C04F79EFBC}") = "List_Methodes", "List_Methodes\List_Methodes.csproj", "{FE8B3D77-ABFD-480D-90C4-CF398E9F022E}"
EndProject
Global
	GlobalSection(SolutionConfigurationPlatforms) = preSolution
		Debug|Any CPU = Debug|Any CPU
		Release|Any CPU = Release|Any CPU
	EndGlobalSection
	GlobalSection(ProjectConfigurationPlatforms) = postSolution
		{FE8B3D77-ABFD-480D-90C4-CF398E9F022E}.Debug|Any CPU.ActiveCfg = Debug|Any CPU
		{FE8B3D77-ABFD-480D-90C4-CF398E9F022E}.Debug|Any CPU.Build.0 = Debug|Any CPU
		{FE8B3D77-ABFD-480D-90C4-CF398E9F022E}.Release|Any CPU.ActiveCfg = Release|Any CPU
		{FE8B3D77-ABFD-480D-90C4-CF398E9F022E}.Release|Any CPU.Build.0 = Release|Any CPU
	EndGlobalSection
	GlobalSection(SolutionProperties) = preSolution
		HideSolutionNode = FALSE
	EndGlobalSection
	GlobalSection(ExtensibilityGlobals) = postSolution
		SolutionGuid = {D82C5628-4AA2-467D-8A15-428F6D2502FE}
	EndGlobalSection
EndGlobal
