
Microsoft Visual Studio Solution File, Format Version 12.00
# Visual Studio 14
VisualStudioVersion = 14.0.25420.1
MinimumVisualStudioVersion = 10.0.40219.1
Project("{FAE04EC0-301F-11D3-BF4B-00C04F79EFBC}") = "stagiaire avec groupe", "stagiaire avec groupe\stagiaire avec groupe.csproj", "{181E6AE7-2070-41E0-B3E2-341DEA25BB09}"
EndProject
Global
	GlobalSection(SolutionConfigurationPlatforms) = preSolution
		Debug|Any CPU = Debug|Any CPU
		Release|Any CPU = Release|Any CPU
	EndGlobalSection
	GlobalSection(ProjectConfigurationPlatforms) = postSolution
		{181E6AE7-2070-41E0-B3E2-341DEA25BB09}.Debug|Any CPU.ActiveCfg = Debug|Any CPU
		{181E6AE7-2070-41E0-B3E2-341DEA25BB09}.Debug|Any CPU.Build.0 = Debug|Any CPU
		{181E6AE7-2070-41E0-B3E2-341DEA25BB09}.Release|Any CPU.ActiveCfg = Release|Any CPU
		{181E6AE7-2070-41E0-B3E2-341DEA25BB09}.Release|Any CPU.Build.0 = Release|Any CPU
	EndGlobalSection
	GlobalSection(SolutionProperties) = preSolution
		HideSolutionNode = FALSE
	EndGlobalSection
EndGlobal
