
Microsoft Visual Studio Solution File, Format Version 12.00
# Visual Studio Version 16
VisualStudioVersion = 16.0.29609.76
MinimumVisualStudioVersion = 10.0.40219.1
Project("{FAE04EC0-301F-11D3-BF4B-00C04F79EFBC}") = "TP4_liste_methode", "ConsoleApp1\TP4_liste_methode.csproj", "{EDD3F057-5FAB-49CC-9EEB-BFDA39A0188F}"
EndProject
Global
	GlobalSection(SolutionConfigurationPlatforms) = preSolution
		Debug|Any CPU = Debug|Any CPU
		Release|Any CPU = Release|Any CPU
	EndGlobalSection
	GlobalSection(ProjectConfigurationPlatforms) = postSolution
		{EDD3F057-5FAB-49CC-9EEB-BFDA39A0188F}.Debug|Any CPU.ActiveCfg = Debug|Any CPU
		{EDD3F057-5FAB-49CC-9EEB-BFDA39A0188F}.Debug|Any CPU.Build.0 = Debug|Any CPU
		{EDD3F057-5FAB-49CC-9EEB-BFDA39A0188F}.Release|Any CPU.ActiveCfg = Release|Any CPU
		{EDD3F057-5FAB-49CC-9EEB-BFDA39A0188F}.Release|Any CPU.Build.0 = Release|Any CPU
	EndGlobalSection
	GlobalSection(SolutionProperties) = preSolution
		HideSolutionNode = FALSE
	EndGlobalSection
	GlobalSection(ExtensibilityGlobals) = postSolution
		SolutionGuid = {9963DA6C-1EF3-4E06-9185-50A31BFB5999}
	EndGlobalSection
EndGlobal
