
Microsoft Visual Studio Solution File, Format Version 12.00
# Visual Studio 15
VisualStudioVersion = 15.0.28307.902
MinimumVisualStudioVersion = 10.0.40219.1
Project("{FAE04EC0-301F-11D3-BF4B-00C04F79EFBC}") = "to_string", "to_string\to_string.csproj", "{268B5FD6-6B92-4E54-ACD7-6BCB089B603C}"
EndProject
Global
	GlobalSection(SolutionConfigurationPlatforms) = preSolution
		Debug|Any CPU = Debug|Any CPU
		Release|Any CPU = Release|Any CPU
	EndGlobalSection
	GlobalSection(ProjectConfigurationPlatforms) = postSolution
		{268B5FD6-6B92-4E54-ACD7-6BCB089B603C}.Debug|Any CPU.ActiveCfg = Debug|Any CPU
		{268B5FD6-6B92-4E54-ACD7-6BCB089B603C}.Debug|Any CPU.Build.0 = Debug|Any CPU
		{268B5FD6-6B92-4E54-ACD7-6BCB089B603C}.Release|Any CPU.ActiveCfg = Release|Any CPU
		{268B5FD6-6B92-4E54-ACD7-6BCB089B603C}.Release|Any CPU.Build.0 = Release|Any CPU
	EndGlobalSection
	GlobalSection(SolutionProperties) = preSolution
		HideSolutionNode = FALSE
	EndGlobalSection
	GlobalSection(ExtensibilityGlobals) = postSolution
		SolutionGuid = {C2101555-9E42-44FD-86BB-BA6D5D26932C}
	EndGlobalSection
EndGlobal
