
Microsoft Visual Studio Solution File, Format Version 12.00
# Visual Studio 15
VisualStudioVersion = 15.0.28307.902
MinimumVisualStudioVersion = 10.0.40219.1
Project("{FAE04EC0-301F-11D3-BF4B-00C04F79EFBC}") = "equals_exemple_classroom", "equals_exemple_classroom\equals_exemple_classroom.csproj", "{ABA3ECEF-5CF1-43DD-AEE5-370ADE2A15B9}"
EndProject
Global
	GlobalSection(SolutionConfigurationPlatforms) = preSolution
		Debug|Any CPU = Debug|Any CPU
		Release|Any CPU = Release|Any CPU
	EndGlobalSection
	GlobalSection(ProjectConfigurationPlatforms) = postSolution
		{ABA3ECEF-5CF1-43DD-AEE5-370ADE2A15B9}.Debug|Any CPU.ActiveCfg = Debug|Any CPU
		{ABA3ECEF-5CF1-43DD-AEE5-370ADE2A15B9}.Debug|Any CPU.Build.0 = Debug|Any CPU
		{ABA3ECEF-5CF1-43DD-AEE5-370ADE2A15B9}.Release|Any CPU.ActiveCfg = Release|Any CPU
		{ABA3ECEF-5CF1-43DD-AEE5-370ADE2A15B9}.Release|Any CPU.Build.0 = Release|Any CPU
	EndGlobalSection
	GlobalSection(SolutionProperties) = preSolution
		HideSolutionNode = FALSE
	EndGlobalSection
	GlobalSection(ExtensibilityGlobals) = postSolution
		SolutionGuid = {2DE91373-A940-4521-B18E-2A26ACF1DAA7}
	EndGlobalSection
EndGlobal
